// !$*UTF8*$!
{
	archiveVersion = 1;
	classes = {
	};
	objectVersion = 50;
	objects = {

/* Begin PBXBuildFile section */
		1A51248496DCA5D64FECDF9A /* Pods_NewPorject.framework in Frameworks */ = {isa = PBXBuildFile; fileRef = 5652C0FC48FA55A76C08B9D0 /* Pods_NewPorject.framework */; };
		784A3B29208F0EEC00984197 /* AppDelegate.swift in Sources */ = {isa = PBXBuildFile; fileRef = 784A3B28208F0EEC00984197 /* AppDelegate.swift */; };
		784A3B2B208F0EEC00984197 /* ViewController.swift in Sources */ = {isa = PBXBuildFile; fileRef = 784A3B2A208F0EEC00984197 /* ViewController.swift */; };
		784A3B2E208F0EEC00984197 /* Main.storyboard in Resources */ = {isa = PBXBuildFile; fileRef = 784A3B2C208F0EEC00984197 /* Main.storyboard */; };
		784A3B30208F0EEE00984197 /* Assets.xcassets in Resources */ = {isa = PBXBuildFile; fileRef = 784A3B2F208F0EEE00984197 /* Assets.xcassets */; };
		784A3B33208F0EEE00984197 /* LaunchScreen.storyboard in Resources */ = {isa = PBXBuildFile; fileRef = 784A3B31208F0EEE00984197 /* LaunchScreen.storyboard */; };
/* End PBXBuildFile section */

/* Begin PBXFileReference section */
		05A52CF33E77E4BC750388EF /* Pods-NewPorject.debug.xcconfig */ = {isa = PBXFileReference; includeInIndex = 1; lastKnownFileType = text.xcconfig; name = "Pods-NewPorject.debug.xcconfig"; path = "Pods/Target Support Files/Pods-NewPorject/Pods-NewPorject.debug.xcconfig"; sourceTree = "<group>"; };
		5652C0FC48FA55A76C08B9D0 /* Pods_NewPorject.framework */ = {isa = PBXFileReference; explicitFileType = wrapper.framework; includeInIndex = 0; path = Pods_NewPorject.framework; sourceTree = BUILT_PRODUCTS_DIR; };
		784A3B25208F0EEC00984197 /* NewPorject.app */ = {isa = PBXFileReference; explicitFileType = wrapper.application; includeInIndex = 0; path = NewPorject.app; sourceTree = BUILT_PRODUCTS_DIR; };
		784A3B28208F0EEC00984197 /* AppDelegate.swift */ = {isa = PBXFileReference; lastKnownFileType = sourcecode.swift; path = AppDelegate.swift; sourceTree = "<group>"; };
		784A3B2A208F0EEC00984197 /* ViewController.swift */ = {isa = PBXFileReference; lastKnownFileType = sourcecode.swift; path = ViewController.swift; sourceTree = "<group>"; };
		784A3B2D208F0EEC00984197 /* Base */ = {isa = PBXFileReference; lastKnownFileType = file.storyboard; name = Base; path = Base.lproj/Main.storyboard; sourceTree = "<group>"; };
		784A3B2F208F0EEE00984197 /* Assets.xcassets */ = {isa = PBXFileReference; lastKnownFileType = folder.assetcatalog; path = Assets.xcassets; sourceTree = "<group>"; };
		784A3B32208F0EEE00984197 /* Base */ = {isa = PBXFileReference; lastKnownFileType = file.storyboard; name = Base; path = Base.lproj/LaunchScreen.storyboard; sourceTree = "<group>"; };
		784A3B34208F0EEE00984197 /* Info.plist */ = {isa = PBXFileReference; lastKnownFileType = text.plist.xml; path = Info.plist; sourceTree = "<group>"; };
		BC15204E5F954A0CB02A5F0F /* Pods-NewPorject.release.xcconfig */ = {isa = PBXFileReference; includeInIndex = 1; lastKnownFileType = text.xcconfig; name = "Pods-NewPorject.release.xcconfig"; path = "Pods/Target Support Files/Pods-NewPorject/Pods-NewPorject.release.xcconfig"; sourceTree = "<group>"; };
/* End PBXFileReference section */

/* Begin PBXFrameworksBuildPhase section */
		784A3B22208F0EEC00984197 /* Frameworks */ = {
			isa = PBXFrameworksBuildPhase;
			buildActionMask = 2147483647;
			files = (
				1A51248496DCA5D64FECDF9A /* Pods_NewPorject.framework in Frameworks */,
			);
			runOnlyForDeploymentPostprocessing = 0;
		};
/* End PBXFrameworksBuildPhase section */

/* Begin PBXGroup section */
		0FD75C6FCE0246F86FAA737E /* Pods */ = {
			isa = PBXGroup;
			children = (
				05A52CF33E77E4BC750388EF /* Pods-NewPorject.debug.xcconfig */,
				BC15204E5F954A0CB02A5F0F /* Pods-NewPorject.release.xcconfig */,
			);
			name = Pods;
			sourceTree = "<group>";
		};
		784A3B1C208F0EEC00984197 = {
			isa = PBXGroup;
			children = (
				784A3B27208F0EEC00984197 /* NewPorject */,
				784A3B26208F0EEC00984197 /* Products */,
				0FD75C6FCE0246F86FAA737E /* Pods */,
				B000D7F3E2886E691D17A813 /* Frameworks */,
			);
			sourceTree = "<group>";
		};
		784A3B26208F0EEC00984197 /* Products */ = {
			isa = PBXGroup;
			children = (
				784A3B25208F0EEC00984197 /* NewPorject.app */,
			);
			name = Products;
			sourceTree = "<group>";
		};
		784A3B27208F0EEC00984197 /* NewPorject */ = {
			isa = PBXGroup;
			children = (
				784A3B28208F0EEC00984197 /* AppDelegate.swift */,
				784A3B2A208F0EEC00984197 /* ViewController.swift */,
				784A3B2C208F0EEC00984197 /* Main.storyboard */,
				784A3B2F208F0EEE00984197 /* Assets.xcassets */,
				784A3B31208F0EEE00984197 /* LaunchScreen.storyboard */,
				784A3B34208F0EEE00984197 /* Info.plist */,
			);
			path = NewPorject;
			sourceTree = "<group>";
		};
		B000D7F3E2886E691D17A813 /* Frameworks */ = {
			isa = PBXGroup;
			children = (
				5652C0FC48FA55A76C08B9D0 /* Pods_NewPorject.framework */,
			);
			name = Frameworks;
			sourceTree = "<group>";
		};
/* End PBXGroup section */

/* Begin PBXNativeTarget section */
		784A3B24208F0EEC00984197 /* NewPorject */ = {
			isa = PBXNativeTarget;
			buildConfigurationList = 784A3B37208F0EEE00984197 /* Build configuration list for PBXNativeTarget "NewPorject" */;
			buildPhases = (
				331ABE4229E652143B336743 /* [CP] Check Pods Manifest.lock */,
				784A3B21208F0EEC00984197 /* Sources */,
				784A3B22208F0EEC00984197 /* Frameworks */,
				784A3B23208F0EEC00984197 /* Resources */,
				FA58B3FF758CEB179C1DC711 /* [CP] Embed Pods Frameworks */,
			);
			buildRules = (
			);
			dependencies = (
			);
			name = NewPorject;
			productName = NewPorject;
			productReference = 784A3B25208F0EEC00984197 /* NewPorject.app */;
			productType = "com.apple.product-type.application";
		};
/* End PBXNativeTarget section */

/* Begin PBXProject section */
		784A3B1D208F0EEC00984197 /* Project object */ = {
			isa = PBXProject;
			attributes = {
				LastSwiftUpdateCheck = 0930;
				LastUpgradeCheck = 0930;
				ORGANIZATIONNAME = idea;
				TargetAttributes = {
					784A3B24208F0EEC00984197 = {
						CreatedOnToolsVersion = 9.3;
					};
				};
			};
			buildConfigurationList = 784A3B20208F0EEC00984197 /* Build configuration list for PBXProject "NewPorject" */;
			compatibilityVersion = "Xcode 9.3";
			developmentRegion = en;
			hasScannedForEncodings = 0;
			knownRegions = (
				en,
				Base,
			);
			mainGroup = 784A3B1C208F0EEC00984197;
			productRefGroup = 784A3B26208F0EEC00984197 /* Products */;
			projectDirPath = "";
			projectRoot = "";
			targets = (
				784A3B24208F0EEC00984197 /* NewPorject */,
			);
		};
/* End PBXProject section */

/* Begin PBXResourcesBuildPhase section */
		784A3B23208F0EEC00984197 /* Resources */ = {
			isa = PBXResourcesBuildPhase;
			buildActionMask = 2147483647;
			files = (
				784A3B33208F0EEE00984197 /* LaunchScreen.storyboard in Resources */,
				784A3B30208F0EEE00984197 /* Assets.xcassets in Resources */,
				784A3B2E208F0EEC00984197 /* Main.storyboard in Resources */,
			);
			runOnlyForDeploymentPostprocessing = 0;
		};
/* End PBXResourcesBuildPhase section */

/* Begin PBXShellScriptBuildPhase section */
		331ABE4229E652143B336743 /* [CP] Check Pods Manifest.lock */ = {
			isa = PBXShellScriptBuildPhase;
			buildActionMask = 2147483647;
			files = (
			);
			inputPaths = (
				"${PODS_PODFILE_DIR_PATH}/Podfile.lock",
				"${PODS_ROOT}/Manifest.lock",
			);
			name = "[CP] Check Pods Manifest.lock";
			outputPaths = (
				"$(DERIVED_FILE_DIR)/Pods-NewPorject-checkManifestLockResult.txt",
			);
			runOnlyForDeploymentPostprocessing = 0;
			shellPath = /bin/sh;
			shellScript = "diff \"${PODS_PODFILE_DIR_PATH}/Podfile.lock\" \"${PODS_ROOT}/Manifest.lock\" > /dev/null\nif [ $? != 0 ] ; then\n    # print error to STDERR\n    echo \"error: The sandbox is not in sync with the Podfile.lock. Run 'pod install' or update your CocoaPods installation.\" >&2\n    exit 1\nfi\n# This output is used by Xcode 'outputs' to avoid re-running this script phase.\necho \"SUCCESS\" > \"${SCRIPT_OUTPUT_FILE_0}\"\n";
			showEnvVarsInLog = 0;
		};
		FA58B3FF758CEB179C1DC711 /* [CP] Embed Pods Frameworks */ = {
			isa = PBXShellScriptBuildPhase;
			buildActionMask = 2147483647;
			files = (
			);
			inputPaths = (
				"${SRCROOT}/Pods/Target Support Files/Pods-NewPorject/Pods-NewPorject-frameworks.sh",
				"${BUILT_PRODUCTS_DIR}/Alamofire/Alamofire.framework",
				"${BUILT_PRODUCTS_DIR}/Cupcake/Cupcake.framework",
				"${BUILT_PRODUCTS_DIR}/Kingfisher/Kingfisher.framework",
				"${BUILT_PRODUCTS_DIR}/MJRefresh/MJRefresh.framework",
				"${BUILT_PRODUCTS_DIR}/Moya/Moya.framework",
				"${BUILT_PRODUCTS_DIR}/Result/Result.framework",
				"${BUILT_PRODUCTS_DIR}/SwiftyJSON/SwiftyJSON.framework",
			);
			name = "[CP] Embed Pods Frameworks";
			outputPaths = (
				"${TARGET_BUILD_DIR}/${FRAMEWORKS_FOLDER_PATH}/Alamofire.framework",
				"${TARGET_BUILD_DIR}/${FRAMEWORKS_FOLDER_PATH}/Cupcake.framework",
				"${TARGET_BUILD_DIR}/${FRAMEWORKS_FOLDER_PATH}/Kingfisher.framework",
				"${TARGET_BUILD_DIR}/${FRAMEWORKS_FOLDER_PATH}/MJRefresh.framework",
				"${TARGET_BUILD_DIR}/${FRAMEWORKS_FOLDER_PATH}/Moya.framework",
				"${TARGET_BUILD_DIR}/${FRAMEWORKS_FOLDER_PATH}/Result.framework",
				"${TARGET_BUILD_DIR}/${FRAMEWORKS_FOLDER_PATH}/SwiftyJSON.framework",
			);
			runOnlyForDeploymentPostprocessing = 0;
			shellPath = /bin/sh;
			shellScript = "\"${SRCROOT}/Pods/Target Support Files/Pods-NewPorject/Pods-NewPorject-frameworks.sh\"\n";
			showEnvVarsInLog = 0;
		};
/* End PBXShellScriptBuildPhase section */

/* Begin PBXSourcesBuildPhase section */
		784A3B21208F0EEC00984197 /* Sources */ = {
			isa = PBXSourcesBuildPhase;
			buildActionMask = 2147483647;
			files = (
				784A3B2B208F0EEC00984197 /* ViewController.swift in Sources */,
				784A3B29208F0EEC00984197 /* AppDelegate.swift in Sources */,
			);
			runOnlyForDeploymentPostprocessing = 0;
		};
/* End PBXSourcesBuildPhase section */

/* Begin PBXVariantGroup section */
		784A3B2C208F0EEC00984197 /* Main.storyboard */ = {
			isa = PBXVariantGroup;
			children = (
				784A3B2D208F0EEC00984197 /* Base */,
			);
			name = Main.storyboard;
			sourceTree = "<group>";
		};
		784A3B31208F0EEE00984197 /* LaunchScreen.storyboard */ = {
			isa = PBXVariantGroup;
			children = (
				784A3B32208F0EEE00984197 /* Base */,
			);
			name = LaunchScreen.storyboard;
			sourceTree = "<group>";
		};
/* End PBXVariantGroup section */

/* Begin XCBuildConfiguration section */
		784A3B35208F0EEE00984197 /* Debug */ = {
			isa = XCBuildConfiguration;
			buildSettings = {
				ALWAYS_SEARCH_USER_PATHS = NO;
				CLANG_ANALYZER_NONNULL = YES;
				CLANG_ANALYZER_NUMBER_OBJECT_CONVERSION = YES_AGGRESSIVE;
				CLANG_CXX_LANGUAGE_STANDARD = "gnu++14";
				CLANG_CXX_LIBRARY = "libc++";
				CLANG_ENABLE_MODULES = YES;
				CLANG_ENABLE_OBJC_ARC = YES;
				CLANG_ENABLE_OBJC_WEAK = YES;
				CLANG_WARN_BLOCK_CAPTURE_AUTORELEASING = YES;
				CLANG_WARN_BOOL_CONVERSION = YES;
				CLANG_WARN_COMMA = YES;
				CLANG_WARN_CONSTANT_CONVERSION = YES;
				CLANG_WARN_DEPRECATED_OBJC_IMPLEMENTATIONS = YES;
				CLANG_WARN_DIRECT_OBJC_ISA_USAGE = YES_ERROR;
				CLANG_WARN_DOCUMENTATION_COMMENTS = YES;
				CLANG_WARN_EMPTY_BODY = YES;
				CLANG_WARN_ENUM_CONVERSION = YES;
				CLANG_WARN_INFINITE_RECURSION = YES;
				CLANG_WARN_INT_CONVERSION = YES;
				CLANG_WARN_NON_LITERAL_NULL_CONVERSION = YES;
				CLANG_WARN_OBJC_IMPLICIT_RETAIN_SELF = YES;
				CLANG_WARN_OBJC_LITERAL_CONVERSION = YES;
				CLANG_WARN_OBJC_ROOT_CLASS = YES_ERROR;
				CLANG_WARN_RANGE_LOOP_ANALYSIS = YES;
				CLANG_WARN_STRICT_PROTOTYPES = YES;
				CLANG_WARN_SUSPICIOUS_MOVE = YES;
				CLANG_WARN_UNGUARDED_AVAILABILITY = YES_AGGRESSIVE;
				CLANG_WARN_UNREACHABLE_CODE = YES;
				CLANG_WARN__DUPLICATE_METHOD_MATCH = YES;
				CODE_SIGN_IDENTITY = "iPhone Developer";
				COPY_PHASE_STRIP = NO;
				DEBUG_INFORMATION_FORMAT = dwarf;
				ENABLE_STRICT_OBJC_MSGSEND = YES;
				ENABLE_TESTABILITY = YES;
				GCC_C_LANGUAGE_STANDARD = gnu11;
				GCC_DYNAMIC_NO_PIC = NO;
				GCC_NO_COMMON_BLOCKS = YES;
				GCC_OPTIMIZATION_LEVEL = 0;
				GCC_PREPROCESSOR_DEFINITIONS = (
					"DEBUG=1",
					"$(inherited)",
				);
				GCC_WARN_64_TO_32_BIT_CONVERSION = YES;
				GCC_WARN_ABOUT_RETURN_TYPE = YES_ERROR;
				GCC_WARN_UNDECLARED_SELECTOR = YES;
				GCC_WARN_UNINITIALIZED_AUTOS = YES_AGGRESSIVE;
				GCC_WARN_UNUSED_FUNCTION = YES;
				GCC_WARN_UNUSED_VARIABLE = YES;
				IPHONEOS_DEPLOYMENT_TARGET = 11.3;
				MTL_ENABLE_DEBUG_INFO = YES;
				ONLY_ACTIVE_ARCH = YES;
				SDKROOT = iphoneos;
				SWIFT_ACTIVE_COMPILATION_CONDITIONS = DEBUG;
				SWIFT_OPTIMIZATION_LEVEL = "-Onone";
			};
			name = Debug;
		};
		784A3B36208F0EEE00984197 /* Release */ = {
			isa = XCBuildConfiguration;
			buildSettings = {
				ALWAYS_SEARCH_USER_PATHS = NO;
				CLANG_ANALYZER_NONNULL = YES;
				CLANG_ANALYZER_NUMBER_OBJECT_CONVERSION = YES_AGGRESSIVE;
				CLANG_CXX_LANGUAGE_STANDARD = "gnu++14";
				CLANG_CXX_LIBRARY = "libc++";
				CLANG_ENABLE_MODULES = YES;
				CLANG_ENABLE_OBJC_ARC = YES;
				CLANG_ENABLE_OBJC_WEAK = YES;
				CLANG_WARN_BLOCK_CAPTURE_AUTORELEASING = YES;
				CLANG_WARN_BOOL_CONVERSION = YES;
				CLANG_WARN_COMMA = YES;
				CLANG_WARN_CONSTANT_CONVERSION = YES;
				CLANG_WARN_DEPRECATED_OBJC_IMPLEMENTATIONS = YES;
				CLANG_WARN_DIRECT_OBJC_ISA_USAGE = YES_ERROR;
				CLANG_WARN_DOCUMENTATION_COMMENTS = YES;
				CLANG_WARN_EMPTY_BODY = YES;
				CLANG_WARN_ENUM_CONVERSION = YES;
				CLANG_WARN_INFINITE_RECURSION = YES;
				CLANG_WARN_INT_CONVERSION = YES;
				CLANG_WARN_NON_LITERAL_NULL_CONVERSION = YES;
				CLANG_WARN_OBJC_IMPLICIT_RETAIN_SELF = YES;
				CLANG_WARN_OBJC_LITERAL_CONVERSION = YES;
				CLANG_WARN_OBJC_ROOT_CLASS = YES_ERROR;
				CLANG_WARN_RANGE_LOOP_ANALYSIS = YES;
				CLANG_WARN_STRICT_PROTOTYPES = YES;
				CLANG_WARN_SUSPICIOUS_MOVE = YES;
				CLANG_WARN_UNGUARDED_AVAILABILITY = YES_AGGRESSIVE;
				CLANG_WARN_UNREACHABLE_CODE = YES;
				CLANG_WARN__DUPLICATE_METHOD_MATCH = YES;
				CODE_SIGN_IDENTITY = "iPhone Developer";
				COPY_PHASE_STRIP = NO;
				DEBUG_INFORMATION_FORMAT = "dwarf-with-dsym";
				ENABLE_NS_ASSERTIONS = NO;
				ENABLE_STRICT_OBJC_MSGSEND = YES;
				GCC_C_LANGUAGE_STANDARD = gnu11;
				GCC_NO_COMMON_BLOCKS = YES;
				GCC_WARN_64_TO_32_BIT_CONVERSION = YES;
				GCC_WARN_ABOUT_RETURN_TYPE = YES_ERROR;
				GCC_WARN_UNDECLARED_SELECTOR = YES;
				GCC_WARN_UNINITIALIZED_AUTOS = YES_AGGRESSIVE;
				GCC_WARN_UNUSED_FUNCTION = YES;
				GCC_WARN_UNUSED_VARIABLE = YES;
				IPHONEOS_DEPLOYMENT_TARGET = 11.3;
				MTL_ENABLE_DEBUG_INFO = NO;
				SDKROOT = iphoneos;
				SWIFT_COMPILATION_MODE = wholemodule;
				SWIFT_OPTIMIZATION_LEVEL = "-O";
				VALIDATE_PRODUCT = YES;
			};
			name = Release;
		};
		784A3B38208F0EEE00984197 /* Debug */ = {
			isa = XCBuildConfiguration;
			baseConfigurationReference = 05A52CF33E77E4BC750388EF /* Pods-NewPorject.debug.xcconfig */;
			buildSettings = {
				ASSETCATALOG_COMPILER_APPICON_NAME = AppIcon;
				CODE_SIGN_STYLE = Automatic;
				INFOPLIST_FILE = NewPorject/Info.plist;
				LD_RUNPATH_SEARCH_PATHS = "$(inherited) @executable_path/Frameworks";
				PRODUCT_BUNDLE_IDENTIFIER = com.youlu.NewPorject;
				PRODUCT_NAME = "$(TARGET_NAME)";
				SWIFT_VERSION = 4.0;
				TARGETED_DEVICE_FAMILY = "1,2";
			};
			name = Debug;
		};
		784A3B39208F0EEE00984197 /* Release */ = {
			isa = XCBuildConfiguration;
			baseConfigurationReference = BC15204E5F954A0CB02A5F0F /* Pods-NewPorject.release.xcconfig */;
			buildSettings = {
				ASSETCATALOG_COMPILER_APPICON_NAME = AppIcon;
				CODE_SIGN_STYLE = Automatic;
				INFOPLIST_FILE = NewPorject/Info.plist;
				LD_RUNPATH_SEARCH_PATHS = "$(inherited) @executable_path/Frameworks";
				PRODUCT_BUNDLE_IDENTIFIER = com.youlu.NewPorject;
				PRODUCT_NAME = "$(TARGET_NAME)";
				SWIFT_VERSION = 4.0;
				TARGETED_DEVICE_FAMILY = "1,2";
			};
			name = Release;
		};
/* End XCBuildConfiguration section */

/* Begin XCConfigurationList section */
		784A3B20208F0EEC00984197 /* Build configuration list for PBXProject "NewPorject" */ = {
			isa = XCConfigurationList;
			buildConfigurations = (
				784A3B35208F0EEE00984197 /* Debug */,
				784A3B36208F0EEE00984197 /* Release */,
			);
			defaultConfigurationIsVisible = 0;
			defaultConfigurationName = Release;
		};
		784A3B37208F0EEE00984197 /* Build configuration list for PBXNativeTarget "NewPorject" */ = {
			isa = XCConfigurationList;
			buildConfigurations = (
				784A3B38208F0EEE00984197 /* Debug */,
				784A3B39208F0EEE00984197 /* Release */,
			);
			defaultConfigurationIsVisible = 0;
			defaultConfigurationName = Release;
		};
/* End XCConfigurationList section */
	};
	rootObject = 784A3B1D208F0EEC00984197 /* Project object */;
}
